
Microsoft Visual Studio Solution File, Format Version 12.00
# Visual Studio Version 16
VisualStudioVersion = 16.0.29215.179
MinimumVisualStudioVersion = 10.0.40219.1
Project("{FAE04EC0-301F-11D3-BF4B-00C04F79EFBC}") = "InsuranceManager", "InsuranceManager.csproj", "{07065CF9-457B-4679-BDEA-A448A0F7A478}"
EndProject
Global
	GlobalSection(SolutionConfigurationPlatforms) = preSolution
		Debug|Any CPU = Debug|Any CPU
		Release|Any CPU = Release|Any CPU
	EndGlobalSection
	GlobalSection(ProjectConfigurationPlatforms) = postSolution
		{07065CF9-457B-4679-BDEA-A448A0F7A478}.Debug|Any CPU.ActiveCfg = Debug|Any CPU
		{07065CF9-457B-4679-BDEA-A448A0F7A478}.Debug|Any CPU.Build.0 = Debug|Any CPU
		{07065CF9-457B-4679-BDEA-A448A0F7A478}.Release|Any CPU.ActiveCfg = Release|Any CPU
		{07065CF9-457B-4679-BDEA-A448A0F7A478}.Release|Any CPU.Build.0 = Release|Any CPU
	EndGlobalSection
	GlobalSection(SolutionProperties) = preSolution
		HideSolutionNode = FALSE
	EndGlobalSection
	GlobalSection(ExtensibilityGlobals) = postSolution
		SolutionGuid = {810A8B9C-9D9E-4750-8EA5-49E72FFE38F9}
	EndGlobalSection
EndGlobal
